
Microsoft Visual Studio Solution File, Format Version 12.00
# Visual Studio Version 17
VisualStudioVersion = 17.8.34322.80
MinimumVisualStudioVersion = 10.0.40219.1
Project("{FAE04EC0-301F-11D3-BF4B-00C04F79EFBC}") = "Personel_Kayıt", "Personel_Kayıt\Personel_Kayıt.csproj", "{FC7E404C-82B3-4B34-8A29-80AC89A411F1}"
EndProject
Global
	GlobalSection(SolutionConfigurationPlatforms) = preSolution
		Debug|Any CPU = Debug|Any CPU
		Release|Any CPU = Release|Any CPU
	EndGlobalSection
	GlobalSection(ProjectConfigurationPlatforms) = postSolution
		{FC7E404C-82B3-4B34-8A29-80AC89A411F1}.Debug|Any CPU.ActiveCfg = Debug|Any CPU
		{FC7E404C-82B3-4B34-8A29-80AC89A411F1}.Debug|Any CPU.Build.0 = Debug|Any CPU
		{FC7E404C-82B3-4B34-8A29-80AC89A411F1}.Release|Any CPU.ActiveCfg = Release|Any CPU
		{FC7E404C-82B3-4B34-8A29-80AC89A411F1}.Release|Any CPU.Build.0 = Release|Any CPU
	EndGlobalSection
	GlobalSection(SolutionProperties) = preSolution
		HideSolutionNode = FALSE
	EndGlobalSection
	GlobalSection(ExtensibilityGlobals) = postSolution
		SolutionGuid = {6BFACD11-3E1C-4C16-9008-5D4C5403E420}
	EndGlobalSection
EndGlobal
